// !$*UTF8*$!
{
	archiveVersion = 1;
	classes = {
	};
	objectVersion = 56;
	objects = {

/* Begin PBXBuildFile section */
		551E3C232937346700649E34 /* ContinueButton.swift in Sources */ = {isa = PBXBuildFile; fileRef = 551E3C222937346700649E34 /* ContinueButton.swift */; };
		551E3C252937387E00649E34 /* BackButton.swift in Sources */ = {isa = PBXBuildFile; fileRef = 551E3C242937387E00649E34 /* BackButton.swift */; };
		55218D1A293A103700170E20 /* ArtistsView.swift in Sources */ = {isa = PBXBuildFile; fileRef = 55218D19293A103700170E20 /* ArtistsView.swift */; };
		55218D1C293A115A00170E20 /* ArtistViewCell.swift in Sources */ = {isa = PBXBuildFile; fileRef = 55218D1B293A115A00170E20 /* ArtistViewCell.swift */; };
		55218D1E293A269400170E20 /* TestView.swift in Sources */ = {isa = PBXBuildFile; fileRef = 55218D1D293A269400170E20 /* TestView.swift */; };
		554B5E68292D1BCB00CCEEF2 /* AppDelegate.swift in Sources */ = {isa = PBXBuildFile; fileRef = 554B5E67292D1BCB00CCEEF2 /* AppDelegate.swift */; };
		554B5E6A292D1BCB00CCEEF2 /* SceneDelegate.swift in Sources */ = {isa = PBXBuildFile; fileRef = 554B5E69292D1BCB00CCEEF2 /* SceneDelegate.swift */; };
		554B5E71292D1BCC00CCEEF2 /* Assets.xcassets in Resources */ = {isa = PBXBuildFile; fileRef = 554B5E70292D1BCC00CCEEF2 /* Assets.xcassets */; };
		554B5E74292D1BCC00CCEEF2 /* LaunchScreen.storyboard in Resources */ = {isa = PBXBuildFile; fileRef = 554B5E72292D1BCC00CCEEF2 /* LaunchScreen.storyboard */; };
		554B5E96292D1F7000CCEEF2 /* Satoshi-Bold.otf in Resources */ = {isa = PBXBuildFile; fileRef = 554B5E94292D1F7000CCEEF2 /* Satoshi-Bold.otf */; };
		554B5E97292D1F7000CCEEF2 /* Satoshi-Regular.otf in Resources */ = {isa = PBXBuildFile; fileRef = 554B5E95292D1F7000CCEEF2 /* Satoshi-Regular.otf */; };
		554B5E9A292D1F8300CCEEF2 /* UIColor + Ext.swift in Sources */ = {isa = PBXBuildFile; fileRef = 554B5E99292D1F8300CCEEF2 /* UIColor + Ext.swift */; };
		554B5E9C292D1F9C00CCEEF2 /* UIView + Ext.swift in Sources */ = {isa = PBXBuildFile; fileRef = 554B5E9B292D1F9C00CCEEF2 /* UIView + Ext.swift */; };
		554B5E9E292D1FA700CCEEF2 /* Resources.swift in Sources */ = {isa = PBXBuildFile; fileRef = 554B5E9D292D1FA700CCEEF2 /* Resources.swift */; };
		554B5EA1292D1FF800CCEEF2 /* StartedController.swift in Sources */ = {isa = PBXBuildFile; fileRef = 554B5EA0292D1FF800CCEEF2 /* StartedController.swift */; };
		554B5EA4292D20BB00CCEEF2 /* BaseController.swift in Sources */ = {isa = PBXBuildFile; fileRef = 554B5EA3292D20BB00CCEEF2 /* BaseController.swift */; };
		554B5EA6292D30FD00CCEEF2 /* ChooseController.swift in Sources */ = {isa = PBXBuildFile; fileRef = 554B5EA5292D30FD00CCEEF2 /* ChooseController.swift */; };
		554B5EAA292D37CE00CCEEF2 /* RegOrSignController.swift in Sources */ = {isa = PBXBuildFile; fileRef = 554B5EA9292D37CE00CCEEF2 /* RegOrSignController.swift */; };
		5558BD4B292F85A500A4DC87 /* NavBarController.swift in Sources */ = {isa = PBXBuildFile; fileRef = 5558BD4A292F85A500A4DC87 /* NavBarController.swift */; };
		5558BD4D292F85DF00A4DC87 /* SignInController.swift in Sources */ = {isa = PBXBuildFile; fileRef = 5558BD4C292F85DF00A4DC87 /* SignInController.swift */; };
		5558BD4F292F935C00A4DC87 /* BaseTextField.swift in Sources */ = {isa = PBXBuildFile; fileRef = 5558BD4E292F935C00A4DC87 /* BaseTextField.swift */; };
		5558BD51292FA4E200A4DC87 /* HomeController.swift in Sources */ = {isa = PBXBuildFile; fileRef = 5558BD50292FA4E200A4DC87 /* HomeController.swift */; };
		5559EBA5292FF9F000A060A8 /* TabBarController.swift in Sources */ = {isa = PBXBuildFile; fileRef = 5559EBA4292FF9F000A060A8 /* TabBarController.swift */; };
		5559EBA8292FFC9000A060A8 /* DiscoverController.swift in Sources */ = {isa = PBXBuildFile; fileRef = 5559EBA7292FFC9000A060A8 /* DiscoverController.swift */; };
		5559EBAA292FFC9800A060A8 /* LikeController.swift in Sources */ = {isa = PBXBuildFile; fileRef = 5559EBA9292FFC9800A060A8 /* LikeController.swift */; };
		5559EBAC292FFCA000A060A8 /* ProfileController.swift in Sources */ = {isa = PBXBuildFile; fileRef = 5559EBAB292FFCA000A060A8 /* ProfileController.swift */; };
		55AD679929354F7C000FB039 /* NewAlbumView.swift in Sources */ = {isa = PBXBuildFile; fileRef = 55AD679829354F7C000FB039 /* NewAlbumView.swift */; };
		55AD679C293552BA000FB039 /* SegmentedControl.swift in Sources */ = {isa = PBXBuildFile; fileRef = 55AD679B293552BA000FB039 /* SegmentedControl.swift */; };
		55C556A029312570002EE74A /* ProfileView.swift in Sources */ = {isa = PBXBuildFile; fileRef = 55C5569F29312570002EE74A /* ProfileView.swift */; };
		55C556A3293125BD002EE74A /* BaseView.swift in Sources */ = {isa = PBXBuildFile; fileRef = 55C556A2293125BD002EE74A /* BaseView.swift */; };
		55C556A629313A3B002EE74A /* LikedTracksTVCell.swift in Sources */ = {isa = PBXBuildFile; fileRef = 55C556A529313A3B002EE74A /* LikedTracksTVCell.swift */; };
/* End PBXBuildFile section */

/* Begin PBXFileReference section */
		551E3C222937346700649E34 /* ContinueButton.swift */ = {isa = PBXFileReference; lastKnownFileType = sourcecode.swift; path = ContinueButton.swift; sourceTree = "<group>"; };
		551E3C242937387E00649E34 /* BackButton.swift */ = {isa = PBXFileReference; lastKnownFileType = sourcecode.swift; path = BackButton.swift; sourceTree = "<group>"; };
		55218D19293A103700170E20 /* ArtistsView.swift */ = {isa = PBXFileReference; lastKnownFileType = sourcecode.swift; path = ArtistsView.swift; sourceTree = "<group>"; };
		55218D1B293A115A00170E20 /* ArtistViewCell.swift */ = {isa = PBXFileReference; lastKnownFileType = sourcecode.swift; path = ArtistViewCell.swift; sourceTree = "<group>"; };
		55218D1D293A269400170E20 /* TestView.swift */ = {isa = PBXFileReference; lastKnownFileType = sourcecode.swift; path = TestView.swift; sourceTree = "<group>"; };
		554B5E64292D1BCB00CCEEF2 /* SpotifyPrototype.app */ = {isa = PBXFileReference; explicitFileType = wrapper.application; includeInIndex = 0; path = SpotifyPrototype.app; sourceTree = BUILT_PRODUCTS_DIR; };
		554B5E67292D1BCB00CCEEF2 /* AppDelegate.swift */ = {isa = PBXFileReference; lastKnownFileType = sourcecode.swift; path = AppDelegate.swift; sourceTree = "<group>"; };
		554B5E69292D1BCB00CCEEF2 /* SceneDelegate.swift */ = {isa = PBXFileReference; lastKnownFileType = sourcecode.swift; path = SceneDelegate.swift; sourceTree = "<group>"; };
		554B5E70292D1BCC00CCEEF2 /* Assets.xcassets */ = {isa = PBXFileReference; lastKnownFileType = folder.assetcatalog; path = Assets.xcassets; sourceTree = "<group>"; };
		554B5E73292D1BCC00CCEEF2 /* Base */ = {isa = PBXFileReference; lastKnownFileType = file.storyboard; name = Base; path = Base.lproj/LaunchScreen.storyboard; sourceTree = "<group>"; };
		554B5E75292D1BCC00CCEEF2 /* Info.plist */ = {isa = PBXFileReference; lastKnownFileType = text.plist.xml; path = Info.plist; sourceTree = "<group>"; };
		554B5E94292D1F7000CCEEF2 /* Satoshi-Bold.otf */ = {isa = PBXFileReference; lastKnownFileType = file; path = "Satoshi-Bold.otf"; sourceTree = "<group>"; };
		554B5E95292D1F7000CCEEF2 /* Satoshi-Regular.otf */ = {isa = PBXFileReference; lastKnownFileType = file; path = "Satoshi-Regular.otf"; sourceTree = "<group>"; };
		554B5E99292D1F8300CCEEF2 /* UIColor + Ext.swift */ = {isa = PBXFileReference; lastKnownFileType = sourcecode.swift; path = "UIColor + Ext.swift"; sourceTree = "<group>"; };
		554B5E9B292D1F9C00CCEEF2 /* UIView + Ext.swift */ = {isa = PBXFileReference; lastKnownFileType = sourcecode.swift; path = "UIView + Ext.swift"; sourceTree = "<group>"; };
		554B5E9D292D1FA700CCEEF2 /* Resources.swift */ = {isa = PBXFileReference; lastKnownFileType = sourcecode.swift; path = Resources.swift; sourceTree = "<group>"; };
		554B5EA0292D1FF800CCEEF2 /* StartedController.swift */ = {isa = PBXFileReference; lastKnownFileType = sourcecode.swift; path = StartedController.swift; sourceTree = "<group>"; };
		554B5EA3292D20BB00CCEEF2 /* BaseController.swift */ = {isa = PBXFileReference; lastKnownFileType = sourcecode.swift; path = BaseController.swift; sourceTree = "<group>"; };
		554B5EA5292D30FD00CCEEF2 /* ChooseController.swift */ = {isa = PBXFileReference; lastKnownFileType = sourcecode.swift; path = ChooseController.swift; sourceTree = "<group>"; };
		554B5EA9292D37CE00CCEEF2 /* RegOrSignController.swift */ = {isa = PBXFileReference; lastKnownFileType = sourcecode.swift; path = RegOrSignController.swift; sourceTree = "<group>"; };
		5558BD4A292F85A500A4DC87 /* NavBarController.swift */ = {isa = PBXFileReference; lastKnownFileType = sourcecode.swift; path = NavBarController.swift; sourceTree = "<group>"; };
		5558BD4C292F85DF00A4DC87 /* SignInController.swift */ = {isa = PBXFileReference; lastKnownFileType = sourcecode.swift; path = SignInController.swift; sourceTree = "<group>"; };
		5558BD4E292F935C00A4DC87 /* BaseTextField.swift */ = {isa = PBXFileReference; lastKnownFileType = sourcecode.swift; path = BaseTextField.swift; sourceTree = "<group>"; };
		5558BD50292FA4E200A4DC87 /* HomeController.swift */ = {isa = PBXFileReference; lastKnownFileType = sourcecode.swift; path = HomeController.swift; sourceTree = "<group>"; };
		5559EBA4292FF9F000A060A8 /* TabBarController.swift */ = {isa = PBXFileReference; lastKnownFileType = sourcecode.swift; path = TabBarController.swift; sourceTree = "<group>"; };
		5559EBA7292FFC9000A060A8 /* DiscoverController.swift */ = {isa = PBXFileReference; lastKnownFileType = sourcecode.swift; path = DiscoverController.swift; sourceTree = "<group>"; };
		5559EBA9292FFC9800A060A8 /* LikeController.swift */ = {isa = PBXFileReference; lastKnownFileType = sourcecode.swift; path = LikeController.swift; sourceTree = "<group>"; };
		5559EBAB292FFCA000A060A8 /* ProfileController.swift */ = {isa = PBXFileReference; lastKnownFileType = sourcecode.swift; path = ProfileController.swift; sourceTree = "<group>"; };
		55AD679829354F7C000FB039 /* NewAlbumView.swift */ = {isa = PBXFileReference; lastKnownFileType = sourcecode.swift; path = NewAlbumView.swift; sourceTree = "<group>"; };
		55AD679B293552BA000FB039 /* SegmentedControl.swift */ = {isa = PBXFileReference; lastKnownFileType = sourcecode.swift; path = SegmentedControl.swift; sourceTree = "<group>"; };
		55C5569F29312570002EE74A /* ProfileView.swift */ = {isa = PBXFileReference; lastKnownFileType = sourcecode.swift; path = ProfileView.swift; sourceTree = "<group>"; };
		55C556A2293125BD002EE74A /* BaseView.swift */ = {isa = PBXFileReference; lastKnownFileType = sourcecode.swift; path = BaseView.swift; sourceTree = "<group>"; };
		55C556A529313A3B002EE74A /* LikedTracksTVCell.swift */ = {isa = PBXFileReference; lastKnownFileType = sourcecode.swift; path = LikedTracksTVCell.swift; sourceTree = "<group>"; };
/* End PBXFileReference section */

/* Begin PBXFrameworksBuildPhase section */
		554B5E61292D1BCB00CCEEF2 /* Frameworks */ = {
			isa = PBXFrameworksBuildPhase;
			buildActionMask = 2147483647;
			files = (
			);
			runOnlyForDeploymentPostprocessing = 0;
		};
/* End PBXFrameworksBuildPhase section */

/* Begin PBXGroup section */
		551E3C212937340800649E34 /* Reused */ = {
			isa = PBXGroup;
			children = (
				551E3C222937346700649E34 /* ContinueButton.swift */,
				551E3C242937387E00649E34 /* BackButton.swift */,
			);
			path = Reused;
			sourceTree = "<group>";
		};
		554B5E5B292D1BCB00CCEEF2 = {
			isa = PBXGroup;
			children = (
				554B5E66292D1BCB00CCEEF2 /* SpotifyPrototype */,
				554B5E65292D1BCB00CCEEF2 /* Products */,
			);
			sourceTree = "<group>";
		};
		554B5E65292D1BCB00CCEEF2 /* Products */ = {
			isa = PBXGroup;
			children = (
				554B5E64292D1BCB00CCEEF2 /* SpotifyPrototype.app */,
			);
			name = Products;
			sourceTree = "<group>";
		};
		554B5E66292D1BCB00CCEEF2 /* SpotifyPrototype */ = {
			isa = PBXGroup;
			children = (
				554B5E8E292D1E9E00CCEEF2 /* Application */,
				554B5E9F292D1FE900CCEEF2 /* Controllers */,
				554B5E92292D1F4200CCEEF2 /* Resources */,
				554B5E8D292D1E8F00CCEEF2 /* SupportingFiles */,
			);
			path = SpotifyPrototype;
			sourceTree = "<group>";
		};
		554B5E8D292D1E8F00CCEEF2 /* SupportingFiles */ = {
			isa = PBXGroup;
			children = (
				554B5E70292D1BCC00CCEEF2 /* Assets.xcassets */,
				554B5E72292D1BCC00CCEEF2 /* LaunchScreen.storyboard */,
				554B5E75292D1BCC00CCEEF2 /* Info.plist */,
			);
			path = SupportingFiles;
			sourceTree = "<group>";
		};
		554B5E8E292D1E9E00CCEEF2 /* Application */ = {
			isa = PBXGroup;
			children = (
				554B5E67292D1BCB00CCEEF2 /* AppDelegate.swift */,
				554B5E69292D1BCB00CCEEF2 /* SceneDelegate.swift */,
			);
			path = Application;
			sourceTree = "<group>";
		};
		554B5E92292D1F4200CCEEF2 /* Resources */ = {
			isa = PBXGroup;
			children = (
				554B5E98292D1F7300CCEEF2 /* Extensions */,
				554B5E93292D1F4B00CCEEF2 /* Fonts */,
				554B5E9D292D1FA700CCEEF2 /* Resources.swift */,
			);
			path = Resources;
			sourceTree = "<group>";
		};
		554B5E93292D1F4B00CCEEF2 /* Fonts */ = {
			isa = PBXGroup;
			children = (
				554B5E94292D1F7000CCEEF2 /* Satoshi-Bold.otf */,
				554B5E95292D1F7000CCEEF2 /* Satoshi-Regular.otf */,
			);
			path = Fonts;
			sourceTree = "<group>";
		};
		554B5E98292D1F7300CCEEF2 /* Extensions */ = {
			isa = PBXGroup;
			children = (
				554B5E99292D1F8300CCEEF2 /* UIColor + Ext.swift */,
				554B5E9B292D1F9C00CCEEF2 /* UIView + Ext.swift */,
			);
			path = Extensions;
			sourceTree = "<group>";
		};
		554B5E9F292D1FE900CCEEF2 /* Controllers */ = {
			isa = PBXGroup;
			children = (
				5558BD49292F859600A4DC87 /* Navigation */,
				554B5EA2292D20B000CCEEF2 /* Base */,
				551E3C212937340800649E34 /* Reused */,
				554B5EA7292D375000CCEEF2 /* PresentControllers */,
				554B5EA8292D378700CCEEF2 /* Sign */,
				5559EBA6292FFA4100A060A8 /* Home */,
				5559EBAD2930094500A060A8 /* Discover */,
				5559EBAE2930094F00A060A8 /* Like */,
				5559EBAF2930095500A060A8 /* Profile */,
			);
			path = Controllers;
			sourceTree = "<group>";
		};
		554B5EA2292D20B000CCEEF2 /* Base */ = {
			isa = PBXGroup;
			children = (
				554B5EA3292D20BB00CCEEF2 /* BaseController.swift */,
				5558BD4E292F935C00A4DC87 /* BaseTextField.swift */,
				55C556A2293125BD002EE74A /* BaseView.swift */,
			);
			path = Base;
			sourceTree = "<group>";
		};
		554B5EA7292D375000CCEEF2 /* PresentControllers */ = {
			isa = PBXGroup;
			children = (
				554B5EA0292D1FF800CCEEF2 /* StartedController.swift */,
				554B5EA5292D30FD00CCEEF2 /* ChooseController.swift */,
			);
			path = PresentControllers;
			sourceTree = "<group>";
		};
		554B5EA8292D378700CCEEF2 /* Sign */ = {
			isa = PBXGroup;
			children = (
				554B5EA9292D37CE00CCEEF2 /* RegOrSignController.swift */,
				5558BD4C292F85DF00A4DC87 /* SignInController.swift */,
			);
			path = Sign;
			sourceTree = "<group>";
		};
		5558BD49292F859600A4DC87 /* Navigation */ = {
			isa = PBXGroup;
			children = (
				5558BD4A292F85A500A4DC87 /* NavBarController.swift */,
				5559EBA4292FF9F000A060A8 /* TabBarController.swift */,
			);
			name = Navigation;
			sourceTree = "<group>";
		};
		5559EBA6292FFA4100A060A8 /* Home */ = {
			isa = PBXGroup;
			children = (
				55AD679A293552A9000FB039 /* View */,
				5558BD50292FA4E200A4DC87 /* HomeController.swift */,
			);
			path = Home;
			sourceTree = "<group>";
		};
		5559EBAD2930094500A060A8 /* Discover */ = {
			isa = PBXGroup;
			children = (
				5559EBA7292FFC9000A060A8 /* DiscoverController.swift */,
			);
			path = Discover;
			sourceTree = "<group>";
		};
		5559EBAE2930094F00A060A8 /* Like */ = {
			isa = PBXGroup;
			children = (
				5559EBA9292FFC9800A060A8 /* LikeController.swift */,
			);
			path = Like;
			sourceTree = "<group>";
		};
		5559EBAF2930095500A060A8 /* Profile */ = {
			isa = PBXGroup;
			children = (
				55C556A129312574002EE74A /* ProfileView */,
				55C556A429313A20002EE74A /* LikedTracks */,
				5559EBAB292FFCA000A060A8 /* ProfileController.swift */,
			);
			path = Profile;
			sourceTree = "<group>";
		};
		55AD679A293552A9000FB039 /* View */ = {
			isa = PBXGroup;
			children = (
				55218D19293A103700170E20 /* ArtistsView.swift */,
				55218D1B293A115A00170E20 /* ArtistViewCell.swift */,
				55AD679829354F7C000FB039 /* NewAlbumView.swift */,
				55AD679B293552BA000FB039 /* SegmentedControl.swift */,
				55218D1D293A269400170E20 /* TestView.swift */,
			);
			path = View;
			sourceTree = "<group>";
		};
		55C556A129312574002EE74A /* ProfileView */ = {
			isa = PBXGroup;
			children = (
				55C5569F29312570002EE74A /* ProfileView.swift */,
			);
			path = ProfileView;
			sourceTree = "<group>";
		};
		55C556A429313A20002EE74A /* LikedTracks */ = {
			isa = PBXGroup;
			children = (
				55C556A529313A3B002EE74A /* LikedTracksTVCell.swift */,
			);
			path = LikedTracks;
			sourceTree = "<group>";
		};
/* End PBXGroup section */

/* Begin PBXNativeTarget section */
		554B5E63292D1BCB00CCEEF2 /* SpotifyPrototype */ = {
			isa = PBXNativeTarget;
			buildConfigurationList = 554B5E78292D1BCC00CCEEF2 /* Build configuration list for PBXNativeTarget "SpotifyPrototype" */;
			buildPhases = (
				554B5E60292D1BCB00CCEEF2 /* Sources */,
				554B5E61292D1BCB00CCEEF2 /* Frameworks */,
				554B5E62292D1BCB00CCEEF2 /* Resources */,
			);
			buildRules = (
			);
			dependencies = (
			);
			name = SpotifyPrototype;
			productName = SpotifyPrototype;
			productReference = 554B5E64292D1BCB00CCEEF2 /* SpotifyPrototype.app */;
			productType = "com.apple.product-type.application";
		};
/* End PBXNativeTarget section */

/* Begin PBXProject section */
		554B5E5C292D1BCB00CCEEF2 /* Project object */ = {
			isa = PBXProject;
			attributes = {
				BuildIndependentTargetsInParallel = 1;
				LastSwiftUpdateCheck = 1410;
				LastUpgradeCheck = 1410;
				TargetAttributes = {
					554B5E63292D1BCB00CCEEF2 = {
						CreatedOnToolsVersion = 14.1;
					};
				};
			};
			buildConfigurationList = 554B5E5F292D1BCB00CCEEF2 /* Build configuration list for PBXProject "SpotifyPrototype" */;
			compatibilityVersion = "Xcode 14.0";
			developmentRegion = en;
			hasScannedForEncodings = 0;
			knownRegions = (
				en,
				Base,
			);
			mainGroup = 554B5E5B292D1BCB00CCEEF2;
			productRefGroup = 554B5E65292D1BCB00CCEEF2 /* Products */;
			projectDirPath = "";
			projectRoot = "";
			targets = (
				554B5E63292D1BCB00CCEEF2 /* SpotifyPrototype */,
			);
		};
/* End PBXProject section */

/* Begin PBXResourcesBuildPhase section */
		554B5E62292D1BCB00CCEEF2 /* Resources */ = {
			isa = PBXResourcesBuildPhase;
			buildActionMask = 2147483647;
			files = (
				554B5E97292D1F7000CCEEF2 /* Satoshi-Regular.otf in Resources */,
				554B5E96292D1F7000CCEEF2 /* Satoshi-Bold.otf in Resources */,
				554B5E74292D1BCC00CCEEF2 /* LaunchScreen.storyboard in Resources */,
				554B5E71292D1BCC00CCEEF2 /* Assets.xcassets in Resources */,
			);
			runOnlyForDeploymentPostprocessing = 0;
		};
/* End PBXResourcesBuildPhase section */

/* Begin PBXSourcesBuildPhase section */
		554B5E60292D1BCB00CCEEF2 /* Sources */ = {
			isa = PBXSourcesBuildPhase;
			buildActionMask = 2147483647;
			files = (
				554B5E68292D1BCB00CCEEF2 /* AppDelegate.swift in Sources */,
				551E3C232937346700649E34 /* ContinueButton.swift in Sources */,
				554B5E9A292D1F8300CCEEF2 /* UIColor + Ext.swift in Sources */,
				55AD679C293552BA000FB039 /* SegmentedControl.swift in Sources */,
				554B5EA4292D20BB00CCEEF2 /* BaseController.swift in Sources */,
				5558BD4B292F85A500A4DC87 /* NavBarController.swift in Sources */,
				554B5E9C292D1F9C00CCEEF2 /* UIView + Ext.swift in Sources */,
				5559EBA8292FFC9000A060A8 /* DiscoverController.swift in Sources */,
				551E3C252937387E00649E34 /* BackButton.swift in Sources */,
				55AD679929354F7C000FB039 /* NewAlbumView.swift in Sources */,
				554B5EAA292D37CE00CCEEF2 /* RegOrSignController.swift in Sources */,
				5558BD51292FA4E200A4DC87 /* HomeController.swift in Sources */,
				55218D1A293A103700170E20 /* ArtistsView.swift in Sources */,
				5559EBAA292FFC9800A060A8 /* LikeController.swift in Sources */,
				5558BD4F292F935C00A4DC87 /* BaseTextField.swift in Sources */,
				55C556A029312570002EE74A /* ProfileView.swift in Sources */,
				554B5E9E292D1FA700CCEEF2 /* Resources.swift in Sources */,
				554B5E6A292D1BCB00CCEEF2 /* SceneDelegate.swift in Sources */,
				554B5EA6292D30FD00CCEEF2 /* ChooseController.swift in Sources */,
				5559EBA5292FF9F000A060A8 /* TabBarController.swift in Sources */,
				554B5EA1292D1FF800CCEEF2 /* StartedController.swift in Sources */,
				55C556A3293125BD002EE74A /* BaseView.swift in Sources */,
				55C556A629313A3B002EE74A /* LikedTracksTVCell.swift in Sources */,
				5558BD4D292F85DF00A4DC87 /* SignInController.swift in Sources */,
				55218D1E293A269400170E20 /* TestView.swift in Sources */,
				5559EBAC292FFCA000A060A8 /* ProfileController.swift in Sources */,
				55218D1C293A115A00170E20 /* ArtistViewCell.swift in Sources */,
			);
			runOnlyForDeploymentPostprocessing = 0;
		};
/* End PBXSourcesBuildPhase section */

/* Begin PBXVariantGroup section */
		554B5E72292D1BCC00CCEEF2 /* LaunchScreen.storyboard */ = {
			isa = PBXVariantGroup;
			children = (
				554B5E73292D1BCC00CCEEF2 /* Base */,
			);
			name = LaunchScreen.storyboard;
			sourceTree = "<group>";
		};
/* End PBXVariantGroup section */

/* Begin XCBuildConfiguration section */
		554B5E76292D1BCC00CCEEF2 /* Debug */ = {
			isa = XCBuildConfiguration;
			buildSettings = {
				ALWAYS_SEARCH_USER_PATHS = NO;
				CLANG_ANALYZER_NONNULL = YES;
				CLANG_ANALYZER_NUMBER_OBJECT_CONVERSION = YES_AGGRESSIVE;
				CLANG_CXX_LANGUAGE_STANDARD = "gnu++20";
				CLANG_ENABLE_MODULES = YES;
				CLANG_ENABLE_OBJC_ARC = YES;
				CLANG_ENABLE_OBJC_WEAK = YES;
				CLANG_WARN_BLOCK_CAPTURE_AUTORELEASING = YES;
				CLANG_WARN_BOOL_CONVERSION = YES;
				CLANG_WARN_COMMA = YES;
				CLANG_WARN_CONSTANT_CONVERSION = YES;
				CLANG_WARN_DEPRECATED_OBJC_IMPLEMENTATIONS = YES;
				CLANG_WARN_DIRECT_OBJC_ISA_USAGE = YES_ERROR;
				CLANG_WARN_DOCUMENTATION_COMMENTS = YES;
				CLANG_WARN_EMPTY_BODY = YES;
				CLANG_WARN_ENUM_CONVERSION = YES;
				CLANG_WARN_INFINITE_RECURSION = YES;
				CLANG_WARN_INT_CONVERSION = YES;
				CLANG_WARN_NON_LITERAL_NULL_CONVERSION = YES;
				CLANG_WARN_OBJC_IMPLICIT_RETAIN_SELF = YES;
				CLANG_WARN_OBJC_LITERAL_CONVERSION = YES;
				CLANG_WARN_OBJC_ROOT_CLASS = YES_ERROR;
				CLANG_WARN_QUOTED_INCLUDE_IN_FRAMEWORK_HEADER = YES;
				CLANG_WARN_RANGE_LOOP_ANALYSIS = YES;
				CLANG_WARN_STRICT_PROTOTYPES = YES;
				CLANG_WARN_SUSPICIOUS_MOVE = YES;
				CLANG_WARN_UNGUARDED_AVAILABILITY = YES_AGGRESSIVE;
				CLANG_WARN_UNREACHABLE_CODE = YES;
				CLANG_WARN__DUPLICATE_METHOD_MATCH = YES;
				COPY_PHASE_STRIP = NO;
				DEBUG_INFORMATION_FORMAT = dwarf;
				ENABLE_STRICT_OBJC_MSGSEND = YES;
				ENABLE_TESTABILITY = YES;
				GCC_C_LANGUAGE_STANDARD = gnu11;
				GCC_DYNAMIC_NO_PIC = NO;
				GCC_NO_COMMON_BLOCKS = YES;
				GCC_OPTIMIZATION_LEVEL = 0;
				GCC_PREPROCESSOR_DEFINITIONS = (
					"DEBUG=1",
					"$(inherited)",
				);
				GCC_WARN_64_TO_32_BIT_CONVERSION = YES;
				GCC_WARN_ABOUT_RETURN_TYPE = YES_ERROR;
				GCC_WARN_UNDECLARED_SELECTOR = YES;
				GCC_WARN_UNINITIALIZED_AUTOS = YES_AGGRESSIVE;
				GCC_WARN_UNUSED_FUNCTION = YES;
				GCC_WARN_UNUSED_VARIABLE = YES;
				IPHONEOS_DEPLOYMENT_TARGET = 16.1;
				MTL_ENABLE_DEBUG_INFO = INCLUDE_SOURCE;
				MTL_FAST_MATH = YES;
				ONLY_ACTIVE_ARCH = YES;
				SDKROOT = iphoneos;
				SWIFT_ACTIVE_COMPILATION_CONDITIONS = DEBUG;
				SWIFT_OPTIMIZATION_LEVEL = "-Onone";
			};
			name = Debug;
		};
		554B5E77292D1BCC00CCEEF2 /* Release */ = {
			isa = XCBuildConfiguration;
			buildSettings = {
				ALWAYS_SEARCH_USER_PATHS = NO;
				CLANG_ANALYZER_NONNULL = YES;
				CLANG_ANALYZER_NUMBER_OBJECT_CONVERSION = YES_AGGRESSIVE;
				CLANG_CXX_LANGUAGE_STANDARD = "gnu++20";
				CLANG_ENABLE_MODULES = YES;
				CLANG_ENABLE_OBJC_ARC = YES;
				CLANG_ENABLE_OBJC_WEAK = YES;
				CLANG_WARN_BLOCK_CAPTURE_AUTORELEASING = YES;
				CLANG_WARN_BOOL_CONVERSION = YES;
				CLANG_WARN_COMMA = YES;
				CLANG_WARN_CONSTANT_CONVERSION = YES;
				CLANG_WARN_DEPRECATED_OBJC_IMPLEMENTATIONS = YES;
				CLANG_WARN_DIRECT_OBJC_ISA_USAGE = YES_ERROR;
				CLANG_WARN_DOCUMENTATION_COMMENTS = YES;
				CLANG_WARN_EMPTY_BODY = YES;
				CLANG_WARN_ENUM_CONVERSION = YES;
				CLANG_WARN_INFINITE_RECURSION = YES;
				CLANG_WARN_INT_CONVERSION = YES;
				CLANG_WARN_NON_LITERAL_NULL_CONVERSION = YES;
				CLANG_WARN_OBJC_IMPLICIT_RETAIN_SELF = YES;
				CLANG_WARN_OBJC_LITERAL_CONVERSION = YES;
				CLANG_WARN_OBJC_ROOT_CLASS = YES_ERROR;
				CLANG_WARN_QUOTED_INCLUDE_IN_FRAMEWORK_HEADER = YES;
				CLANG_WARN_RANGE_LOOP_ANALYSIS = YES;
				CLANG_WARN_STRICT_PROTOTYPES = YES;
				CLANG_WARN_SUSPICIOUS_MOVE = YES;
				CLANG_WARN_UNGUARDED_AVAILABILITY = YES_AGGRESSIVE;
				CLANG_WARN_UNREACHABLE_CODE = YES;
				CLANG_WARN__DUPLICATE_METHOD_MATCH = YES;
				COPY_PHASE_STRIP = NO;
				DEBUG_INFORMATION_FORMAT = "dwarf-with-dsym";
				ENABLE_NS_ASSERTIONS = NO;
				ENABLE_STRICT_OBJC_MSGSEND = YES;
				GCC_C_LANGUAGE_STANDARD = gnu11;
				GCC_NO_COMMON_BLOCKS = YES;
				GCC_WARN_64_TO_32_BIT_CONVERSION = YES;
				GCC_WARN_ABOUT_RETURN_TYPE = YES_ERROR;
				GCC_WARN_UNDECLARED_SELECTOR = YES;
				GCC_WARN_UNINITIALIZED_AUTOS = YES_AGGRESSIVE;
				GCC_WARN_UNUSED_FUNCTION = YES;
				GCC_WARN_UNUSED_VARIABLE = YES;
				IPHONEOS_DEPLOYMENT_TARGET = 16.1;
				MTL_ENABLE_DEBUG_INFO = NO;
				MTL_FAST_MATH = YES;
				SDKROOT = iphoneos;
				SWIFT_COMPILATION_MODE = wholemodule;
				SWIFT_OPTIMIZATION_LEVEL = "-O";
				VALIDATE_PRODUCT = YES;
			};
			name = Release;
		};
		554B5E79292D1BCC00CCEEF2 /* Debug */ = {
			isa = XCBuildConfiguration;
			buildSettings = {
				ASSETCATALOG_COMPILER_APPICON_NAME = AppIcon;
				ASSETCATALOG_COMPILER_GLOBAL_ACCENT_COLOR_NAME = AccentColor;
				CODE_SIGN_STYLE = Automatic;
				CURRENT_PROJECT_VERSION = 1;
				DEVELOPMENT_TEAM = JRA8SJKSWZ;
				GENERATE_INFOPLIST_FILE = YES;
				INFOPLIST_FILE = SpotifyPrototype/SupportingFiles/Info.plist;
				INFOPLIST_KEY_UIApplicationSupportsIndirectInputEvents = YES;
				INFOPLIST_KEY_UILaunchStoryboardName = LaunchScreen;
				INFOPLIST_KEY_UIStatusBarStyle = UIStatusBarStyleDarkContent;
				INFOPLIST_KEY_UISupportedInterfaceOrientations = UIInterfaceOrientationPortrait;
				INFOPLIST_KEY_UISupportedInterfaceOrientations_iPad = "UIInterfaceOrientationLandscapeLeft UIInterfaceOrientationLandscapeRight UIInterfaceOrientationPortrait UIInterfaceOrientationPortraitUpsideDown";
				INFOPLIST_KEY_UIUserInterfaceStyle = Dark;
				LD_RUNPATH_SEARCH_PATHS = (
					"$(inherited)",
					"@executable_path/Frameworks",
				);
				MARKETING_VERSION = 1.0;
				PRODUCT_BUNDLE_IDENTIFIER = aiv.SpotifyPrototype;
				PRODUCT_NAME = "$(TARGET_NAME)";
				SUPPORTED_PLATFORMS = "iphoneos iphonesimulator";
				SUPPORTS_MACCATALYST = NO;
				SUPPORTS_MAC_DESIGNED_FOR_IPHONE_IPAD = NO;
				SWIFT_EMIT_LOC_STRINGS = YES;
				SWIFT_VERSION = 5.0;
				TARGETED_DEVICE_FAMILY = 1;
			};
			name = Debug;
		};
		554B5E7A292D1BCC00CCEEF2 /* Release */ = {
			isa = XCBuildConfiguration;
			buildSettings = {
				ASSETCATALOG_COMPILER_APPICON_NAME = AppIcon;
				ASSETCATALOG_COMPILER_GLOBAL_ACCENT_COLOR_NAME = AccentColor;
				CODE_SIGN_STYLE = Automatic;
				CURRENT_PROJECT_VERSION = 1;
				DEVELOPMENT_TEAM = JRA8SJKSWZ;
				GENERATE_INFOPLIST_FILE = YES;
				INFOPLIST_FILE = SpotifyPrototype/SupportingFiles/Info.plist;
				INFOPLIST_KEY_UIApplicationSupportsIndirectInputEvents = YES;
				INFOPLIST_KEY_UILaunchStoryboardName = LaunchScreen;
				INFOPLIST_KEY_UIStatusBarStyle = UIStatusBarStyleDarkContent;
				INFOPLIST_KEY_UISupportedInterfaceOrientations = UIInterfaceOrientationPortrait;
				INFOPLIST_KEY_UISupportedInterfaceOrientations_iPad = "UIInterfaceOrientationLandscapeLeft UIInterfaceOrientationLandscapeRight UIInterfaceOrientationPortrait UIInterfaceOrientationPortraitUpsideDown";
				INFOPLIST_KEY_UIUserInterfaceStyle = Dark;
				LD_RUNPATH_SEARCH_PATHS = (
					"$(inherited)",
					"@executable_path/Frameworks",
				);
				MARKETING_VERSION = 1.0;
				PRODUCT_BUNDLE_IDENTIFIER = aiv.SpotifyPrototype;
				PRODUCT_NAME = "$(TARGET_NAME)";
				SUPPORTED_PLATFORMS = "iphoneos iphonesimulator";
				SUPPORTS_MACCATALYST = NO;
				SUPPORTS_MAC_DESIGNED_FOR_IPHONE_IPAD = NO;
				SWIFT_EMIT_LOC_STRINGS = YES;
				SWIFT_VERSION = 5.0;
				TARGETED_DEVICE_FAMILY = 1;
			};
			name = Release;
		};
/* End XCBuildConfiguration section */

/* Begin XCConfigurationList section */
		554B5E5F292D1BCB00CCEEF2 /* Build configuration list for PBXProject "SpotifyPrototype" */ = {
			isa = XCConfigurationList;
			buildConfigurations = (
				554B5E76292D1BCC00CCEEF2 /* Debug */,
				554B5E77292D1BCC00CCEEF2 /* Release */,
			);
			defaultConfigurationIsVisible = 0;
			defaultConfigurationName = Release;
		};
		554B5E78292D1BCC00CCEEF2 /* Build configuration list for PBXNativeTarget "SpotifyPrototype" */ = {
			isa = XCConfigurationList;
			buildConfigurations = (
				554B5E79292D1BCC00CCEEF2 /* Debug */,
				554B5E7A292D1BCC00CCEEF2 /* Release */,
			);
			defaultConfigurationIsVisible = 0;
			defaultConfigurationName = Release;
		};
/* End XCConfigurationList section */
	};
	rootObject = 554B5E5C292D1BCB00CCEEF2 /* Project object */;
}
